Microsoft Visual Studio Solution File, Format Version 12.00
# Visual Studio 2012
Project("{FAE04EC0-301F-11D3-BF4B-00C04F79EFBC}") = "Pixel_Wall-E", "Pixel_Wall-E.csproj", "{534F1EC2-F153-4BB6-ACB6-E3AF1071DB0F}"
EndProject
Global
	GlobalSection(SolutionConfigurationPlatforms) = preSolution
	Debug|Any CPU = Debug|Any CPU
	ExportDebug|Any CPU = ExportDebug|Any CPU
	ExportRelease|Any CPU = ExportRelease|Any CPU
	EndGlobalSection
	GlobalSection(ProjectConfigurationPlatforms) = postSolution
		{534F1EC2-F153-4BB6-ACB6-E3AF1071DB0F}.Debug|Any CPU.ActiveCfg = Debug|Any CPU
		{534F1EC2-F153-4BB6-ACB6-E3AF1071DB0F}.Debug|Any CPU.Build.0 = Debug|Any CPU
		{534F1EC2-F153-4BB6-ACB6-E3AF1071DB0F}.ExportDebug|Any CPU.ActiveCfg = ExportDebug|Any CPU
		{534F1EC2-F153-4BB6-ACB6-E3AF1071DB0F}.ExportDebug|Any CPU.Build.0 = ExportDebug|Any CPU
		{534F1EC2-F153-4BB6-ACB6-E3AF1071DB0F}.ExportRelease|Any CPU.ActiveCfg = ExportRelease|Any CPU
		{534F1EC2-F153-4BB6-ACB6-E3AF1071DB0F}.ExportRelease|Any CPU.Build.0 = ExportRelease|Any CPU
	EndGlobalSection
EndGlobal
